
Microsoft Visual Studio Solution File, Format Version 12.00
# Visual Studio Version 16
VisualStudioVersion = 16.0.30002.166
MinimumVisualStudioVersion = 10.0.40219.1
Project("{888888A0-9F3D-457C-B088-3A5042F75D52}") = "Bechie_9_4", "Bechie_9_4\Bechie_9_4.pyproj", "{8BC27DD3-B57F-426A-8AED-701613681D8F}"
EndProject
Global
	GlobalSection(SolutionConfigurationPlatforms) = preSolution
		Debug|Any CPU = Debug|Any CPU
		Release|Any CPU = Release|Any CPU
	EndGlobalSection
	GlobalSection(ProjectConfigurationPlatforms) = postSolution
		{8BC27DD3-B57F-426A-8AED-701613681D8F}.Debug|Any CPU.ActiveCfg = Debug|Any CPU
		{8BC27DD3-B57F-426A-8AED-701613681D8F}.Release|Any CPU.ActiveCfg = Release|Any CPU
	EndGlobalSection
	GlobalSection(SolutionProperties) = preSolution
		HideSolutionNode = FALSE
	EndGlobalSection
	GlobalSection(ExtensibilityGlobals) = postSolution
		SolutionGuid = {4002E137-A21A-4173-83F7-6627E83EB9E8}
	EndGlobalSection
EndGlobal
